// !$*UTF8*$!
{
	archiveVersion = 1;
	classes = {
	};
	objectVersion = 55;
	objects = {

/* Begin PBXBuildFile section */
		EB531A8428B8F5F100966574 /* AppDelegate.swift in Sources */ = {isa = PBXBuildFile; fileRef = EB531A8328B8F5F100966574 /* AppDelegate.swift */; };
		EB531A8628B8F5F100966574 /* SceneDelegate.swift in Sources */ = {isa = PBXBuildFile; fileRef = EB531A8528B8F5F100966574 /* SceneDelegate.swift */; };
		EB531A8828B8F5F100966574 /* ViewController.swift in Sources */ = {isa = PBXBuildFile; fileRef = EB531A8728B8F5F100966574 /* ViewController.swift */; };
		EB531A8B28B8F5F100966574 /* Main.storyboard in Resources */ = {isa = PBXBuildFile; fileRef = EB531A8928B8F5F100966574 /* Main.storyboard */; };
		EB531A8D28B8F5F200966574 /* Assets.xcassets in Resources */ = {isa = PBXBuildFile; fileRef = EB531A8C28B8F5F200966574 /* Assets.xcassets */; };
		EB531A9028B8F5F200966574 /* LaunchScreen.storyboard in Resources */ = {isa = PBXBuildFile; fileRef = EB531A8E28B8F5F200966574 /* LaunchScreen.storyboard */; };
		EB531AA328B90EA100966574 /* cannon.mp3 in Resources */ = {isa = PBXBuildFile; fileRef = EB531A9C28B90EA100966574 /* cannon.mp3 */; };
		EB531AA428B90EA100966574 /* elise.mp3 in Resources */ = {isa = PBXBuildFile; fileRef = EB531A9D28B90EA100966574 /* elise.mp3 */; };
		EB531AA528B90EA100966574 /* aria.mp3 in Resources */ = {isa = PBXBuildFile; fileRef = EB531A9E28B90EA100966574 /* aria.mp3 */; };
		EB531AA628B90EA100966574 /* Beethoven.jpg in Resources */ = {isa = PBXBuildFile; fileRef = EB531AA028B90EA100966574 /* Beethoven.jpg */; };
		EB531AA728B90EA100966574 /* Pachelbel.jpg in Resources */ = {isa = PBXBuildFile; fileRef = EB531AA128B90EA100966574 /* Pachelbel.jpg */; };
		EB531AA828B90EA100966574 /* Bach.jpg in Resources */ = {isa = PBXBuildFile; fileRef = EB531AA228B90EA100966574 /* Bach.jpg */; };
/* End PBXBuildFile section */

/* Begin PBXFileReference section */
		EB531A8028B8F5F100966574 /* TechPod.app */ = {isa = PBXFileReference; explicitFileType = wrapper.application; includeInIndex = 0; path = TechPod.app; sourceTree = BUILT_PRODUCTS_DIR; };
		EB531A8328B8F5F100966574 /* AppDelegate.swift */ = {isa = PBXFileReference; lastKnownFileType = sourcecode.swift; path = AppDelegate.swift; sourceTree = "<group>"; };
		EB531A8528B8F5F100966574 /* SceneDelegate.swift */ = {isa = PBXFileReference; lastKnownFileType = sourcecode.swift; path = SceneDelegate.swift; sourceTree = "<group>"; };
		EB531A8728B8F5F100966574 /* ViewController.swift */ = {isa = PBXFileReference; lastKnownFileType = sourcecode.swift; path = ViewController.swift; sourceTree = "<group>"; };
		EB531A8A28B8F5F100966574 /* Base */ = {isa = PBXFileReference; lastKnownFileType = file.storyboard; name = Base; path = Base.lproj/Main.storyboard; sourceTree = "<group>"; };
		EB531A8C28B8F5F200966574 /* Assets.xcassets */ = {isa = PBXFileReference; lastKnownFileType = folder.assetcatalog; path = Assets.xcassets; sourceTree = "<group>"; };
		EB531A8F28B8F5F200966574 /* Base */ = {isa = PBXFileReference; lastKnownFileType = file.storyboard; name = Base; path = Base.lproj/LaunchScreen.storyboard; sourceTree = "<group>"; };
		EB531A9128B8F5F200966574 /* Info.plist */ = {isa = PBXFileReference; lastKnownFileType = text.plist.xml; path = Info.plist; sourceTree = "<group>"; };
		EB531A9C28B90EA100966574 /* cannon.mp3 */ = {isa = PBXFileReference; lastKnownFileType = audio.mp3; path = cannon.mp3; sourceTree = "<group>"; };
		EB531A9D28B90EA100966574 /* elise.mp3 */ = {isa = PBXFileReference; lastKnownFileType = audio.mp3; path = elise.mp3; sourceTree = "<group>"; };
		EB531A9E28B90EA100966574 /* aria.mp3 */ = {isa = PBXFileReference; lastKnownFileType = audio.mp3; path = aria.mp3; sourceTree = "<group>"; };
		EB531AA028B90EA100966574 /* Beethoven.jpg */ = {isa = PBXFileReference; lastKnownFileType = image.jpeg; path = Beethoven.jpg; sourceTree = "<group>"; };
		EB531AA128B90EA100966574 /* Pachelbel.jpg */ = {isa = PBXFileReference; lastKnownFileType = image.jpeg; path = Pachelbel.jpg; sourceTree = "<group>"; };
		EB531AA228B90EA100966574 /* Bach.jpg */ = {isa = PBXFileReference; lastKnownFileType = image.jpeg; path = Bach.jpg; sourceTree = "<group>"; };
/* End PBXFileReference section */

/* Begin PBXFrameworksBuildPhase section */
		EB531A7D28B8F5F100966574 /* Frameworks */ = {
			isa = PBXFrameworksBuildPhase;
			buildActionMask = 2147483647;
			files = (
			);
			runOnlyForDeploymentPostprocessing = 0;
		};
/* End PBXFrameworksBuildPhase section */

/* Begin PBXGroup section */
		EB531A7728B8F5F100966574 = {
			isa = PBXGroup;
			children = (
				EB531A8228B8F5F100966574 /* TechPod */,
				EB531A8128B8F5F100966574 /* Products */,
			);
			sourceTree = "<group>";
		};
		EB531A8128B8F5F100966574 /* Products */ = {
			isa = PBXGroup;
			children = (
				EB531A8028B8F5F100966574 /* TechPod.app */,
			);
			name = Products;
			sourceTree = "<group>";
		};
		EB531A8228B8F5F100966574 /* TechPod */ = {
			isa = PBXGroup;
			children = (
				EB531A9728B90E4D00966574 /* Resources */,
				EB531A8328B8F5F100966574 /* AppDelegate.swift */,
				EB531A8528B8F5F100966574 /* SceneDelegate.swift */,
				EB531A8728B8F5F100966574 /* ViewController.swift */,
				EB531A8928B8F5F100966574 /* Main.storyboard */,
				EB531A8C28B8F5F200966574 /* Assets.xcassets */,
				EB531A8E28B8F5F200966574 /* LaunchScreen.storyboard */,
				EB531A9128B8F5F200966574 /* Info.plist */,
			);
			path = TechPod;
			sourceTree = "<group>";
		};
		EB531A9728B90E4D00966574 /* Resources */ = {
			isa = PBXGroup;
			children = (
				EB531A9A28B90EA100966574 /* Resources */,
			);
			path = Resources;
			sourceTree = "<group>";
		};
		EB531A9A28B90EA100966574 /* Resources */ = {
			isa = PBXGroup;
			children = (
				EB531A9B28B90EA100966574 /* Songs */,
				EB531A9F28B90EA100966574 /* Images */,
			);
			path = Resources;
			sourceTree = "<group>";
		};
		EB531A9B28B90EA100966574 /* Songs */ = {
			isa = PBXGroup;
			children = (
				EB531A9C28B90EA100966574 /* cannon.mp3 */,
				EB531A9D28B90EA100966574 /* elise.mp3 */,
				EB531A9E28B90EA100966574 /* aria.mp3 */,
			);
			path = Songs;
			sourceTree = "<group>";
		};
		EB531A9F28B90EA100966574 /* Images */ = {
			isa = PBXGroup;
			children = (
				EB531AA028B90EA100966574 /* Beethoven.jpg */,
				EB531AA128B90EA100966574 /* Pachelbel.jpg */,
				EB531AA228B90EA100966574 /* Bach.jpg */,
			);
			path = Images;
			sourceTree = "<group>";
		};
/* End PBXGroup section */

/* Begin PBXNativeTarget section */
		EB531A7F28B8F5F100966574 /* TechPod */ = {
			isa = PBXNativeTarget;
			buildConfigurationList = EB531A9428B8F5F200966574 /* Build configuration list for PBXNativeTarget "TechPod" */;
			buildPhases = (
				EB531A7C28B8F5F100966574 /* Sources */,
				EB531A7D28B8F5F100966574 /* Frameworks */,
				EB531A7E28B8F5F100966574 /* Resources */,
			);
			buildRules = (
			);
			dependencies = (
			);
			name = TechPod;
			productName = TechPod;
			productReference = EB531A8028B8F5F100966574 /* TechPod.app */;
			productType = "com.apple.product-type.application";
		};
/* End PBXNativeTarget section */

/* Begin PBXProject section */
		EB531A7828B8F5F100966574 /* Project object */ = {
			isa = PBXProject;
			attributes = {
				BuildIndependentTargetsInParallel = 1;
				LastSwiftUpdateCheck = 1340;
				LastUpgradeCheck = 1340;
				TargetAttributes = {
					EB531A7F28B8F5F100966574 = {
						CreatedOnToolsVersion = 13.4.1;
					};
				};
			};
			buildConfigurationList = EB531A7B28B8F5F100966574 /* Build configuration list for PBXProject "TechPod" */;
			compatibilityVersion = "Xcode 13.0";
			developmentRegion = en;
			hasScannedForEncodings = 0;
			knownRegions = (
				en,
				Base,
			);
			mainGroup = EB531A7728B8F5F100966574;
			productRefGroup = EB531A8128B8F5F100966574 /* Products */;
			projectDirPath = "";
			projectRoot = "";
			targets = (
				EB531A7F28B8F5F100966574 /* TechPod */,
			);
		};
/* End PBXProject section */

/* Begin PBXResourcesBuildPhase section */
		EB531A7E28B8F5F100966574 /* Resources */ = {
			isa = PBXResourcesBuildPhase;
			buildActionMask = 2147483647;
			files = (
				EB531A9028B8F5F200966574 /* LaunchScreen.storyboard in Resources */,
				EB531AA328B90EA100966574 /* cannon.mp3 in Resources */,
				EB531AA828B90EA100966574 /* Bach.jpg in Resources */,
				EB531AA428B90EA100966574 /* elise.mp3 in Resources */,
				EB531A8D28B8F5F200966574 /* Assets.xcassets in Resources */,
				EB531AA728B90EA100966574 /* Pachelbel.jpg in Resources */,
				EB531A8B28B8F5F100966574 /* Main.storyboard in Resources */,
				EB531AA528B90EA100966574 /* aria.mp3 in Resources */,
				EB531AA628B90EA100966574 /* Beethoven.jpg in Resources */,
			);
			runOnlyForDeploymentPostprocessing = 0;
		};
/* End PBXResourcesBuildPhase section */

/* Begin PBXSourcesBuildPhase section */
		EB531A7C28B8F5F100966574 /* Sources */ = {
			isa = PBXSourcesBuildPhase;
			buildActionMask = 2147483647;
			files = (
				EB531A8828B8F5F100966574 /* ViewController.swift in Sources */,
				EB531A8428B8F5F100966574 /* AppDelegate.swift in Sources */,
				EB531A8628B8F5F100966574 /* SceneDelegate.swift in Sources */,
			);
			runOnlyForDeploymentPostprocessing = 0;
		};
/* End PBXSourcesBuildPhase section */

/* Begin PBXVariantGroup section */
		EB531A8928B8F5F100966574 /* Main.storyboard */ = {
			isa = PBXVariantGroup;
			children = (
				EB531A8A28B8F5F100966574 /* Base */,
			);
			name = Main.storyboard;
			sourceTree = "<group>";
		};
		EB531A8E28B8F5F200966574 /* LaunchScreen.storyboard */ = {
			isa = PBXVariantGroup;
			children = (
				EB531A8F28B8F5F200966574 /* Base */,
			);
			name = LaunchScreen.storyboard;
			sourceTree = "<group>";
		};
/* End PBXVariantGroup section */

/* Begin XCBuildConfiguration section */
		EB531A9228B8F5F200966574 /* Debug */ = {
			isa = XCBuildConfiguration;
			buildSettings = {
				ALWAYS_SEARCH_USER_PATHS = NO;
				CLANG_ANALYZER_NONNULL = YES;
				CLANG_ANALYZER_NUMBER_OBJECT_CONVERSION = YES_AGGRESSIVE;
				CLANG_CXX_LANGUAGE_STANDARD = "gnu++17";
				CLANG_ENABLE_MODULES = YES;
				CLANG_ENABLE_OBJC_ARC = YES;
				CLANG_ENABLE_OBJC_WEAK = YES;
				CLANG_WARN_BLOCK_CAPTURE_AUTORELEASING = YES;
				CLANG_WARN_BOOL_CONVERSION = YES;
				CLANG_WARN_COMMA = YES;
				CLANG_WARN_CONSTANT_CONVERSION = YES;
				CLANG_WARN_DEPRECATED_OBJC_IMPLEMENTATIONS = YES;
				CLANG_WARN_DIRECT_OBJC_ISA_USAGE = YES_ERROR;
				CLANG_WARN_DOCUMENTATION_COMMENTS = YES;
				CLANG_WARN_EMPTY_BODY = YES;
				CLANG_WARN_ENUM_CONVERSION = YES;
				CLANG_WARN_INFINITE_RECURSION = YES;
				CLANG_WARN_INT_CONVERSION = YES;
				CLANG_WARN_NON_LITERAL_NULL_CONVERSION = YES;
				CLANG_WARN_OBJC_IMPLICIT_RETAIN_SELF = YES;
				CLANG_WARN_OBJC_LITERAL_CONVERSION = YES;
				CLANG_WARN_OBJC_ROOT_CLASS = YES_ERROR;
				CLANG_WARN_QUOTED_INCLUDE_IN_FRAMEWORK_HEADER = YES;
				CLANG_WARN_RANGE_LOOP_ANALYSIS = YES;
				CLANG_WARN_STRICT_PROTOTYPES = YES;
				CLANG_WARN_SUSPICIOUS_MOVE = YES;
				CLANG_WARN_UNGUARDED_AVAILABILITY = YES_AGGRESSIVE;
				CLANG_WARN_UNREACHABLE_CODE = YES;
				CLANG_WARN__DUPLICATE_METHOD_MATCH = YES;
				COPY_PHASE_STRIP = NO;
				DEBUG_INFORMATION_FORMAT = dwarf;
				ENABLE_STRICT_OBJC_MSGSEND = YES;
				ENABLE_TESTABILITY = YES;
				GCC_C_LANGUAGE_STANDARD = gnu11;
				GCC_DYNAMIC_NO_PIC = NO;
				GCC_NO_COMMON_BLOCKS = YES;
				GCC_OPTIMIZATION_LEVEL = 0;
				GCC_PREPROCESSOR_DEFINITIONS = (
					"DEBUG=1",
					"$(inherited)",
				);
				GCC_WARN_64_TO_32_BIT_CONVERSION = YES;
				GCC_WARN_ABOUT_RETURN_TYPE = YES_ERROR;
				GCC_WARN_UNDECLARED_SELECTOR = YES;
				GCC_WARN_UNINITIALIZED_AUTOS = YES_AGGRESSIVE;
				GCC_WARN_UNUSED_FUNCTION = YES;
				GCC_WARN_UNUSED_VARIABLE = YES;
				IPHONEOS_DEPLOYMENT_TARGET = 15.5;
				MTL_ENABLE_DEBUG_INFO = INCLUDE_SOURCE;
				MTL_FAST_MATH = YES;
				ONLY_ACTIVE_ARCH = YES;
				SDKROOT = iphoneos;
				SWIFT_ACTIVE_COMPILATION_CONDITIONS = DEBUG;
				SWIFT_OPTIMIZATION_LEVEL = "-Onone";
			};
			name = Debug;
		};
		EB531A9328B8F5F200966574 /* Release */ = {
			isa = XCBuildConfiguration;
			buildSettings = {
				ALWAYS_SEARCH_USER_PATHS = NO;
				CLANG_ANALYZER_NONNULL = YES;
				CLANG_ANALYZER_NUMBER_OBJECT_CONVERSION = YES_AGGRESSIVE;
				CLANG_CXX_LANGUAGE_STANDARD = "gnu++17";
				CLANG_ENABLE_MODULES = YES;
				CLANG_ENABLE_OBJC_ARC = YES;
				CLANG_ENABLE_OBJC_WEAK = YES;
				CLANG_WARN_BLOCK_CAPTURE_AUTORELEASING = YES;
				CLANG_WARN_BOOL_CONVERSION = YES;
				CLANG_WARN_COMMA = YES;
				CLANG_WARN_CONSTANT_CONVERSION = YES;
				CLANG_WARN_DEPRECATED_OBJC_IMPLEMENTATIONS = YES;
				CLANG_WARN_DIRECT_OBJC_ISA_USAGE = YES_ERROR;
				CLANG_WARN_DOCUMENTATION_COMMENTS = YES;
				CLANG_WARN_EMPTY_BODY = YES;
				CLANG_WARN_ENUM_CONVERSION = YES;
				CLANG_WARN_INFINITE_RECURSION = YES;
				CLANG_WARN_INT_CONVERSION = YES;
				CLANG_WARN_NON_LITERAL_NULL_CONVERSION = YES;
				CLANG_WARN_OBJC_IMPLICIT_RETAIN_SELF = YES;
				CLANG_WARN_OBJC_LITERAL_CONVERSION = YES;
				CLANG_WARN_OBJC_ROOT_CLASS = YES_ERROR;
				CLANG_WARN_QUOTED_INCLUDE_IN_FRAMEWORK_HEADER = YES;
				CLANG_WARN_RANGE_LOOP_ANALYSIS = YES;
				CLANG_WARN_STRICT_PROTOTYPES = YES;
				CLANG_WARN_SUSPICIOUS_MOVE = YES;
				CLANG_WARN_UNGUARDED_AVAILABILITY = YES_AGGRESSIVE;
				CLANG_WARN_UNREACHABLE_CODE = YES;
				CLANG_WARN__DUPLICATE_METHOD_MATCH = YES;
				COPY_PHASE_STRIP = NO;
				DEBUG_INFORMATION_FORMAT = "dwarf-with-dsym";
				ENABLE_NS_ASSERTIONS = NO;
				ENABLE_STRICT_OBJC_MSGSEND = YES;
				GCC_C_LANGUAGE_STANDARD = gnu11;
				GCC_NO_COMMON_BLOCKS = YES;
				GCC_WARN_64_TO_32_BIT_CONVERSION = YES;
				GCC_WARN_ABOUT_RETURN_TYPE = YES_ERROR;
				GCC_WARN_UNDECLARED_SELECTOR = YES;
				GCC_WARN_UNINITIALIZED_AUTOS = YES_AGGRESSIVE;
				GCC_WARN_UNUSED_FUNCTION = YES;
				GCC_WARN_UNUSED_VARIABLE = YES;
				IPHONEOS_DEPLOYMENT_TARGET = 15.5;
				MTL_ENABLE_DEBUG_INFO = NO;
				MTL_FAST_MATH = YES;
				SDKROOT = iphoneos;
				SWIFT_COMPILATION_MODE = wholemodule;
				SWIFT_OPTIMIZATION_LEVEL = "-O";
				VALIDATE_PRODUCT = YES;
			};
			name = Release;
		};
		EB531A9528B8F5F200966574 /* Debug */ = {
			isa = XCBuildConfiguration;
			buildSettings = {
				ASSETCATALOG_COMPILER_APPICON_NAME = AppIcon;
				ASSETCATALOG_COMPILER_GLOBAL_ACCENT_COLOR_NAME = AccentColor;
				CODE_SIGN_STYLE = Automatic;
				CURRENT_PROJECT_VERSION = 1;
				GENERATE_INFOPLIST_FILE = YES;
				INFOPLIST_FILE = TechPod/Info.plist;
				INFOPLIST_KEY_UIApplicationSupportsIndirectInputEvents = YES;
				INFOPLIST_KEY_UILaunchStoryboardName = LaunchScreen;
				INFOPLIST_KEY_UIMainStoryboardFile = Main;
				INFOPLIST_KEY_UISupportedInterfaceOrientations_iPad = "UIInterfaceOrientationPortrait UIInterfaceOrientationPortraitUpsideDown UIInterfaceOrientationLandscapeLeft UIInterfaceOrientationLandscapeRight";
				INFOPLIST_KEY_UISupportedInterfaceOrientations_iPhone = "UIInterfaceOrientationPortrait UIInterfaceOrientationLandscapeLeft UIInterfaceOrientationLandscapeRight";
				LD_RUNPATH_SEARCH_PATHS = (
					"$(inherited)",
					"@executable_path/Frameworks",
				);
				MARKETING_VERSION = 1.0;
				PRODUCT_BUNDLE_IDENTIFIER = app.watanabe.soi.TechPod;
				PRODUCT_NAME = "$(TARGET_NAME)";
				SWIFT_EMIT_LOC_STRINGS = YES;
				SWIFT_VERSION = 5.0;
				TARGETED_DEVICE_FAMILY = "1,2";
			};
			name = Debug;
		};
		EB531A9628B8F5F200966574 /* Release */ = {
			isa = XCBuildConfiguration;
			buildSettings = {
				ASSETCATALOG_COMPILER_APPICON_NAME = AppIcon;
				ASSETCATALOG_COMPILER_GLOBAL_ACCENT_COLOR_NAME = AccentColor;
				CODE_SIGN_STYLE = Automatic;
				CURRENT_PROJECT_VERSION = 1;
				GENERATE_INFOPLIST_FILE = YES;
				INFOPLIST_FILE = TechPod/Info.plist;
				INFOPLIST_KEY_UIApplicationSupportsIndirectInputEvents = YES;
				INFOPLIST_KEY_UILaunchStoryboardName = LaunchScreen;
				INFOPLIST_KEY_UIMainStoryboardFile = Main;
				INFOPLIST_KEY_UISupportedInterfaceOrientations_iPad = "UIInterfaceOrientationPortrait UIInterfaceOrientationPortraitUpsideDown UIInterfaceOrientationLandscapeLeft UIInterfaceOrientationLandscapeRight";
				INFOPLIST_KEY_UISupportedInterfaceOrientations_iPhone = "UIInterfaceOrientationPortrait UIInterfaceOrientationLandscapeLeft UIInterfaceOrientationLandscapeRight";
				LD_RUNPATH_SEARCH_PATHS = (
					"$(inherited)",
					"@executable_path/Frameworks",
				);
				MARKETING_VERSION = 1.0;
				PRODUCT_BUNDLE_IDENTIFIER = app.watanabe.soi.TechPod;
				PRODUCT_NAME = "$(TARGET_NAME)";
				SWIFT_EMIT_LOC_STRINGS = YES;
				SWIFT_VERSION = 5.0;
				TARGETED_DEVICE_FAMILY = "1,2";
			};
			name = Release;
		};
/* End XCBuildConfiguration section */

/* Begin XCConfigurationList section */
		EB531A7B28B8F5F100966574 /* Build configuration list for PBXProject "TechPod" */ = {
			isa = XCConfigurationList;
			buildConfigurations = (
				EB531A9228B8F5F200966574 /* Debug */,
				EB531A9328B8F5F200966574 /* Release */,
			);
			defaultConfigurationIsVisible = 0;
			defaultConfigurationName = Release;
		};
		EB531A9428B8F5F200966574 /* Build configuration list for PBXNativeTarget "TechPod" */ = {
			isa = XCConfigurationList;
			buildConfigurations = (
				EB531A9528B8F5F200966574 /* Debug */,
				EB531A9628B8F5F200966574 /* Release */,
			);
			defaultConfigurationIsVisible = 0;
			defaultConfigurationName = Release;
		};
/* End XCConfigurationList section */
	};
	rootObject = EB531A7828B8F5F100966574 /* Project object */;
}
